<?xml version="1.0" encoding="utf-8"?>
<Project ToolsVersion="4.0" xmlns="http://schemas.microsoft.com/developer/msbuild/2003">
  <ItemGroup>
    <Filter Include="Source Files">
      <UniqueIdentifier>{4FC737F1-C7A5-4376-A066-2A32D752A2FF}</UniqueIdentifier>
      <Extensions>cpp;c;cc;cxx;def;odl;idl;hpj;bat;asm;asmx</Extensions>
    </Filter>
    <Filter Include="Resource Files">
      <UniqueIdentifier>{67DA6AB6-F800-4c08-8B7A-83BB121AAD01}</UniqueIdentifier>
      <Extensions>rc;ico;cur;bmp;dlg;rc2;rct;bin;rgs;gif;jpg;jpeg;jpe;resx;tiff;tif;png;wav;mfcribbon-ms</Extensions>
    </Filter>
    <Filter Include="Geometry">
      <UniqueIdentifier>{872c4f3f-6723-4adc-ab6d-80045db8d305}</UniqueIdentifier>
    </Filter>
    <Filter Include="Utils">
      <UniqueIdentifier>{7d6e650a-a3f6-49a9-99c2-1a4a72c9ed1b}</UniqueIdentifier>
    </Filter>
    <Filter Include="Renderer">
      <UniqueIdentifier>{1cfb9c8f-1d10-4e1f-a49f-97b80732d38c}</UniqueIdentifier>
    </Filter>
    <Filter Include="Scene">
      <UniqueIdentifier>{d3a1740f-cfd6-4cef-998f-7840fb9b89eb}</UniqueIdentifier>
    </Filter>
    <Filter Include="Scene\Components">
      <UniqueIdentifier>{97227c04-02f2-4860-b8e6-3dc27063270a}</UniqueIdentifier>
    </Filter>
    <Filter Include="ObjectModel">
      <UniqueIdentifier>{daa5e147-6697-451b-9c45-ed33c044587e}</UniqueIdentifier>
    </Filter>
  </ItemGroup>
  <ItemGroup>
    <ClCompile Include="..\Geometry\Matrix3df.cpp">
      <Filter>Geometry</Filter>
    </ClCompile>
    <ClCompile Include="..\Geometry\Point2df.cpp">
      <Filter>Geometry</Filter>
    </ClCompile>
    <ClCompile Include="..\Geometry\Point3df.cpp">
      <Filter>Geometry</Filter>
    </ClCompile>
    <ClCompile Include="..\Geometry\Utils.cpp">
      <Filter>Geometry</Filter>
    </ClCompile>
    <ClCompile Include="..\Geometry\Vector3df.cpp">
      <Filter>Geometry</Filter>
    </ClCompile>
    <ClCompile Include="..\Utils\Color.cpp">
      <Filter>Utils</Filter>
    </ClCompile>
    <ClCompile Include="..\Utils\CommonUtils.cpp">
      <Filter>Utils</Filter>
    </ClCompile>
    <ClCompile Include="..\Renderer\Renderer.cpp">
      <Filter>Renderer</Filter>
    </ClCompile>
    <ClCompile Include="Entry.cpp">
      <Filter>Source Files</Filter>
    </ClCompile>
    <ClCompile Include="..\Scene\Scene.cpp">
      <Filter>Scene</Filter>
    </ClCompile>
    <ClCompile Include="..\Scene\Components\SceneObject.cpp">
      <Filter>Scene\Components</Filter>
    </ClCompile>
    <ClCompile Include="..\ObjectModel\Mesh.cpp">
      <Filter>ObjectModel</Filter>
    </ClCompile>
    <ClCompile Include="..\ObjectModel\Vertex.cpp">
      <Filter>ObjectModel</Filter>
    </ClCompile>
  </ItemGroup>
  <ItemGroup>
    <ClInclude Include="..\Geometry\Matrix3df.h">
      <Filter>Geometry</Filter>
    </ClInclude>
    <ClInclude Include="..\Geometry\Point2df.h">
      <Filter>Geometry</Filter>
    </ClInclude>
    <ClInclude Include="..\Geometry\Point3df.h">
      <Filter>Geometry</Filter>
    </ClInclude>
    <ClInclude Include="..\Geometry\Utils.h">
      <Filter>Geometry</Filter>
    </ClInclude>
    <ClInclude Include="..\Geometry\Vector3df.h">
      <Filter>Geometry</Filter>
    </ClInclude>
    <ClInclude Include="..\Utils\Color.h">
      <Filter>Utils</Filter>
    </ClInclude>
    <ClInclude Include="..\Utils\CommonUtils.h">
      <Filter>Utils</Filter>
    </ClInclude>
    <ClInclude Include="..\Renderer\Renderer.h">
      <Filter>Renderer</Filter>
    </ClInclude>
    <ClInclude Include="..\Scene\Scene.h">
      <Filter>Scene</Filter>
    </ClInclude>
    <ClInclude Include="..\Scene\Components\SceneObject.h">
      <Filter>Scene\Components</Filter>
    </ClInclude>
    <ClInclude Include="..\ObjectModel\Mesh.h">
      <Filter>ObjectModel</Filter>
    </ClInclude>
    <ClInclude Include="..\ObjectModel\Vertex.h">
      <Filter>ObjectModel</Filter>
    </ClInclude>
    <ClInclude Include="..\Utils\stb_image.h">
      <Filter>Utils</Filter>
    </ClInclude>
  </ItemGroup>
  <ItemGroup>
    <None Include=".clang-tidy">
      <Filter>Source Files</Filter>
    </None>
  </ItemGroup>
</Project>