<?xml version="1.0" encoding="utf-8"?>
<Project ToolsVersion="4.0" xmlns="http://schemas.microsoft.com/developer/msbuild/2003">
  <ItemGroup>
    <Filter Include="Source Files">
      <UniqueIdentifier>{4FC737F1-C7A5-4376-A066-2A32D752A2FF}</UniqueIdentifier>
      <Extensions>cpp;c;cc;cxx;def;odl;idl;hpj;bat;asm;asmx</Extensions>
    </Filter>
    <Filter Include="Resource Files">
      <UniqueIdentifier>{67DA6AB6-F800-4c08-8B7A-83BB121AAD01}</UniqueIdentifier>
      <Extensions>rc;ico;cur;bmp;dlg;rc2;rct;bin;rgs;gif;jpg;jpeg;jpe;resx;tiff;tif;png;wav;mfcribbon-ms</Extensions>
    </Filter>
    <Filter Include="Utils">
      <UniqueIdentifier>{7d6e650a-a3f6-49a9-99c2-1a4a72c9ed1b}</UniqueIdentifier>
    </Filter>
    <Filter Include="Renderer">
      <UniqueIdentifier>{1cfb9c8f-1d10-4e1f-a49f-97b80732d38c}</UniqueIdentifier>
    </Filter>
    <Filter Include="Scene">
      <UniqueIdentifier>{d3a1740f-cfd6-4cef-998f-7840fb9b89eb}</UniqueIdentifier>
    </Filter>
    <Filter Include="Scene\Components">
      <UniqueIdentifier>{97227c04-02f2-4860-b8e6-3dc27063270a}</UniqueIdentifier>
    </Filter>
    <Filter Include="ObjectModel">
      <UniqueIdentifier>{daa5e147-6697-451b-9c45-ed33c044587e}</UniqueIdentifier>
    </Filter>
    <Filter Include="Shaders">
      <UniqueIdentifier>{af0f908d-bd88-425b-ac4a-20276b44865a}</UniqueIdentifier>
    </Filter>
    <Filter Include="Core">
      <UniqueIdentifier>{a92558fc-23f9-42ca-b75c-7207a7654fdc}</UniqueIdentifier>
    </Filter>
  </ItemGroup>
  <ItemGroup>
    <ClCompile Include="..\Utils\Color.cpp">
      <Filter>Utils</Filter>
    </ClCompile>
    <ClCompile Include="..\Utils\CommonUtils.cpp">
      <Filter>Utils</Filter>
    </ClCompile>
    <ClCompile Include="..\Renderer\Renderer.cpp">
      <Filter>Renderer</Filter>
    </ClCompile>
    <ClCompile Include="Entry.cpp">
      <Filter>Source Files</Filter>
    </ClCompile>
    <ClCompile Include="..\Scene\Scene.cpp">
      <Filter>Scene</Filter>
    </ClCompile>
    <ClCompile Include="..\Scene\Components\SceneObject.cpp">
      <Filter>Scene\Components</Filter>
    </ClCompile>
    <ClCompile Include="..\ObjectModel\Mesh.cpp">
      <Filter>ObjectModel</Filter>
    </ClCompile>
    <ClCompile Include="..\ObjectModel\Vertex.cpp">
      <Filter>ObjectModel</Filter>
    </ClCompile>
    <ClCompile Include="..\Scene\Components\Camera.cpp">
      <Filter>Scene\Components</Filter>
    </ClCompile>
    <ClCompile Include="..\Scene\Components\Light.cpp">
      <Filter>Scene\Components</Filter>
    </ClCompile>
    <ClCompile Include="..\Utils\ShaderProgram.cpp">
      <Filter>Utils</Filter>
    </ClCompile>
    <ClCompile Include="..\Utils\Shader.cpp">
      <Filter>Utils</Filter>
    </ClCompile>
    <ClCompile Include="..\ObjectModel\Material.cpp">
      <Filter>ObjectModel</Filter>
    </ClCompile>
    <ClCompile Include="..\Core\Engine.cpp">
      <Filter>Core</Filter>
    </ClCompile>
    <ClCompile Include="..\Renderer\RenderData.cpp">
      <Filter>Renderer</Filter>
    </ClCompile>
    <ClCompile Include="..\ObjectModel\MeshCollection.cpp">
      <Filter>ObjectModel</Filter>
    </ClCompile>
    <ClCompile Include="..\Scene\Utils.cpp">
      <Filter>Scene</Filter>
    </ClCompile>
  </ItemGroup>
  <ItemGroup>
    <ClInclude Include="..\Utils\Color.h">
      <Filter>Utils</Filter>
    </ClInclude>
    <ClInclude Include="..\Utils\CommonUtils.h">
      <Filter>Utils</Filter>
    </ClInclude>
    <ClInclude Include="..\Renderer\Renderer.h">
      <Filter>Renderer</Filter>
    </ClInclude>
    <ClInclude Include="..\Scene\Scene.h">
      <Filter>Scene</Filter>
    </ClInclude>
    <ClInclude Include="..\Scene\Components\SceneObject.h">
      <Filter>Scene\Components</Filter>
    </ClInclude>
    <ClInclude Include="..\ObjectModel\Mesh.h">
      <Filter>ObjectModel</Filter>
    </ClInclude>
    <ClInclude Include="..\ObjectModel\Vertex.h">
      <Filter>ObjectModel</Filter>
    </ClInclude>
    <ClInclude Include="..\Utils\stb_image.h">
      <Filter>Utils</Filter>
    </ClInclude>
    <ClInclude Include="..\Scene\Components\Camera.h">
      <Filter>Scene\Components</Filter>
    </ClInclude>
    <ClInclude Include="..\Scene\Components\Light.h">
      <Filter>Scene\Components</Filter>
    </ClInclude>
    <ClInclude Include="..\Utils\ShaderProgram.h">
      <Filter>Utils</Filter>
    </ClInclude>
    <ClInclude Include="..\Utils\Shader.h">
      <Filter>Utils</Filter>
    </ClInclude>
    <ClInclude Include="..\ObjectModel\Material.h">
      <Filter>ObjectModel</Filter>
    </ClInclude>
    <ClInclude Include="..\Core\Engine.h">
      <Filter>Core</Filter>
    </ClInclude>
    <ClInclude Include="..\Renderer\RenderData.h">
      <Filter>Renderer</Filter>
    </ClInclude>
    <ClInclude Include="..\ObjectModel\MeshCollection.h">
      <Filter>ObjectModel</Filter>
    </ClInclude>
    <ClInclude Include="..\Scene\Utils.h">
      <Filter>Scene</Filter>
    </ClInclude>
  </ItemGroup>
  <ItemGroup>
    <None Include=".clang-tidy">
      <Filter>Source Files</Filter>
    </None>
    <None Include="..\Shaders\fragment.fs.glsl">
      <Filter>Shaders</Filter>
    </None>
    <None Include="..\Shaders\vertex.vs.glsl">
      <Filter>Shaders</Filter>
    </None>
    <None Include="..\Shaders\Light.fs.glsl">
      <Filter>Shaders</Filter>
    </None>
    <None Include="..\Shaders\Light.vs.glsl">
      <Filter>Shaders</Filter>
    </None>
  </ItemGroup>
</Project>